{
  "nodes": {
    "animalcaseSrc": {
      "flake": false,
      "locked": {
        "lastModified": 1415960276,
        "narHash": "sha256-B+nC1X/Y17xEyILAWdVhxHb2jtsPPJYgJdDEKk2ueh0=",
        "owner": "ibotty",
        "repo": "animalcase",
        "rev": "6b8b1adda4f56e854d74c38137d378aaa0636b9d",
        "type": "github"
      },
      "original": {
        "owner": "ibotty",
        "repo": "animalcase",
        "rev": "6b8b1adda4f56e854d74c38137d378aaa0636b9d",
        "type": "github"
      }
    },
    "flakeUtils": {
      "inputs": {
        "systems": "systems"
      },
      "locked": {
        "lastModified": 1694529238,
        "narHash": "sha256-zsNZZGTGnMOf9YpHKJqMSsa0dXbfmxeoJ7xHlrt+xmY=",
        "owner": "numtide",
        "repo": "flake-utils",
        "rev": "ff7b65b44d01cf9ba6a71320833626af21126384",
        "type": "github"
      },
      "original": {
        "owner": "numtide",
        "repo": "flake-utils",
        "type": "github"
      }
    },
    "haddockSrc": {
      "flake": false,
      "locked": {
        "lastModified": 1649764674,
        "narHash": "sha256-vaU9QTDUjqtSydjI3tcjO4ojuX1SHD98PjyHqR+8++8=",
        "owner": "haskell",
        "repo": "haddock",
        "rev": "0c5447f74bb53f754e7ac32c1a01d57e138a9fc5",
        "type": "github"
      },
      "original": {
        "owner": "haskell",
        "repo": "haddock",
        "rev": "0c5447f74bb53f754e7ac32c1a01d57e138a9fc5",
        "type": "github"
      }
    },
    "haskellPackages": {
      "inputs": {
        "animalcaseSrc": "animalcaseSrc",
        "flakeUtils": [
          "realfolkNix",
          "flakeUtils"
        ],
        "haddockSrc": "haddockSrc",
        "hsWeb3Src": "hsWeb3Src",
        "nixpkgs": [
          "realfolkNix",
          "nixpkgs"
        ],
        "textTrieSrc": "textTrieSrc"
      },
      "locked": {
        "dir": "lib/projects/haskell/packages/ghc-9.2",
        "lastModified": 1698351244,
        "narHash": "sha256-RR+xztItnlya0/5eoswJ4WrFFQkMCspbNkINHRan69Y=",
        "owner": "realfolk",
        "repo": "nix",
        "rev": "b6bce74d19e63041283ad4da8fcd201b33c7687e",
        "type": "github"
      },
      "original": {
        "dir": "lib/projects/haskell/packages/ghc-9.2",
        "owner": "realfolk",
        "repo": "nix",
        "type": "github"
      }
    },
    "hsWeb3Src": {
      "flake": false,
      "locked": {
        "lastModified": 1686330294,
        "narHash": "sha256-bazZ1Bf01yq9XBf8XNFktnwg3K+5MuRLzCw64ynAEaE=",
        "owner": "QodaFi",
        "repo": "hs-web3",
        "rev": "455e28c7189b21c427d7960e37b685ad802dd2f0",
        "type": "github"
      },
      "original": {
        "owner": "QodaFi",
        "repo": "hs-web3",
        "rev": "455e28c7189b21c427d7960e37b685ad802dd2f0",
        "type": "github"
      }
    },
    "naersk": {
      "inputs": {
        "nixpkgs": [
          "realfolkNix",
          "rnixLsp",
          "nixpkgs"
        ]
      },
      "locked": {
        "lastModified": 1655042882,
        "narHash": "sha256-9BX8Fuez5YJlN7cdPO63InoyBy7dm3VlJkkmTt6fS1A=",
        "owner": "nix-community",
        "repo": "naersk",
        "rev": "cddffb5aa211f50c4b8750adbec0bbbdfb26bb9f",
        "type": "github"
      },
      "original": {
        "owner": "nix-community",
        "repo": "naersk",
        "type": "github"
      }
    },
    "nixpkgs": {
      "locked": {
        "lastModified": 1685566663,
        "narHash": "sha256-btHN1czJ6rzteeCuE/PNrdssqYD2nIA4w48miQAFloM=",
        "owner": "nixos",
        "repo": "nixpkgs",
        "rev": "4ecab3273592f27479a583fb6d975d4aba3486fe",
        "type": "github"
      },
      "original": {
        "owner": "nixos",
        "ref": "23.05",
        "repo": "nixpkgs",
        "type": "github"
      }
    },
    "realfolkNix": {
      "inputs": {
        "flakeUtils": [
          "flakeUtils"
        ],
        "haskellPackages": "haskellPackages",
        "nixpkgs": [
          "nixpkgs"
        ],
        "rnixLsp": "rnixLsp"
      },
      "locked": {
        "lastModified": 1698353077,
        "narHash": "sha256-RnAlirlAgjXNreZn1paEoMs5XSAb1tw9nlBJvPT00fw=",
        "owner": "realfolk",
        "repo": "nix",
        "rev": "7961db5c3f7d31425ce913b55ba5726fb1d3202d",
        "type": "github"
      },
      "original": {
        "owner": "realfolk",
        "repo": "nix",
        "type": "github"
      }
    },
    "rnixLsp": {
      "inputs": {
        "naersk": "naersk",
        "nixpkgs": [
          "realfolkNix",
          "nixpkgs"
        ],
        "utils": [
          "realfolkNix",
          "flakeUtils"
        ]
      },
      "locked": {
        "lastModified": 1669555118,
        "narHash": "sha256-F0s0m62S5bHNVWNHLZD6SeHiLrsDx98VQbRjDyIu+qQ=",
        "owner": "nix-community",
        "repo": "rnix-lsp",
        "rev": "95d40673fe43642e2e1144341e86d0036abd95d9",
        "type": "github"
      },
      "original": {
        "owner": "nix-community",
        "repo": "rnix-lsp",
        "type": "github"
      }
    },
    "root": {
      "inputs": {
        "flakeUtils": "flakeUtils",
        "nixpkgs": "nixpkgs",
        "realfolkNix": "realfolkNix"
      }
    },
    "systems": {
      "locked": {
        "lastModified": 1681028828,
        "narHash": "sha256-Vy1rq5AaRuLzOxct8nz4T6wlgyUR7zLU309k9mBC768=",
        "owner": "nix-systems",
        "repo": "default",
        "rev": "da67096a3b9bf56a91d16901293e51ba5b49a27e",
        "type": "github"
      },
      "original": {
        "owner": "nix-systems",
        "repo": "default",
        "type": "github"
      }
    },
    "textTrieSrc": {
      "flake": false,
      "locked": {
        "lastModified": 1686935576,
        "narHash": "sha256-8Jp+cOqnku6w0XyInPRiFkq2ER7P6ifKoghpWPtBH+Y=",
        "owner": "realfolk",
        "repo": "text-trie",
        "rev": "fab16265b5c17e158820ed0356cd88eb4d34c2ed",
        "type": "github"
      },
      "original": {
        "owner": "realfolk",
        "repo": "text-trie",
        "rev": "fab16265b5c17e158820ed0356cd88eb4d34c2ed",
        "type": "github"
      }
    }
  },
  "root": "root",
  "version": 7
}
